
Microsoft Visual Studio Solution File, Format Version 12.00
# Visual Studio Version 16
VisualStudioVersion = 16.0.31019.35
MinimumVisualStudioVersion = 10.0.40219.1
Project("{FAE04EC0-301F-11D3-BF4B-00C04F79EFBC}") = "TugasTiga2.3", "TugasTiga2.3.csproj", "{91F82BB1-2AF3-4F95-BDF8-A172C807F10E}"
EndProject
Global
	GlobalSection(SolutionConfigurationPlatforms) = preSolution
		Debug|Any CPU = Debug|Any CPU
		Release|Any CPU = Release|Any CPU
	EndGlobalSection
	GlobalSection(ProjectConfigurationPlatforms) = postSolution
		{91F82BB1-2AF3-4F95-BDF8-A172C807F10E}.Debug|Any CPU.ActiveCfg = Debug|Any CPU
		{91F82BB1-2AF3-4F95-BDF8-A172C807F10E}.Debug|Any CPU.Build.0 = Debug|Any CPU
		{91F82BB1-2AF3-4F95-BDF8-A172C807F10E}.Release|Any CPU.ActiveCfg = Release|Any CPU
		{91F82BB1-2AF3-4F95-BDF8-A172C807F10E}.Release|Any CPU.Build.0 = Release|Any CPU
	EndGlobalSection
	GlobalSection(SolutionProperties) = preSolution
		HideSolutionNode = FALSE
	EndGlobalSection
	GlobalSection(ExtensibilityGlobals) = postSolution
		SolutionGuid = {347F33F8-48A4-448D-A6CD-A970F1457428}
	EndGlobalSection
EndGlobal
